# This file was autogenerated by Stack.
# You should not edit this file by hand.
# For more information, please see the documentation at:
#   https://docs.haskellstack.org/en/stable/topics/lock_files

packages: []
snapshots:
- completed:
    sha256: 7c32be209157895f10ef93620d55671841a3b34a056a00ff5a622c7b5d8fa63b
    size: 760638
    url: https://raw.githubusercontent.com/commercialhaskell/stackage-snapshots/master/nightly/2026/6/14.yaml
  original: nightly-2026-06-14
